
Microsoft Visual Studio Solution File, Format Version 12.00
# Visual Studio Version 16
VisualStudioVersion = 16.0.30114.105
MinimumVisualStudioVersion = 10.0.40219.1
Project("{FAE04EC0-301F-11D3-BF4B-00C04F79EFBC}") = "FirstDataBaseMvcFirstCode", "FirstDataBaseMvcFirstCode\FirstDataBaseMvcFirstCode.csproj", "{93B77630-7CC7-43FD-AC69-FC31AC8287B9}"
EndProject
Global
	GlobalSection(SolutionConfigurationPlatforms) = preSolution
		Debug|Any CPU = Debug|Any CPU
		Release|Any CPU = Release|Any CPU
	EndGlobalSection
	GlobalSection(ProjectConfigurationPlatforms) = postSolution
		{93B77630-7CC7-43FD-AC69-FC31AC8287B9}.Debug|Any CPU.ActiveCfg = Debug|Any CPU
		{93B77630-7CC7-43FD-AC69-FC31AC8287B9}.Debug|Any CPU.Build.0 = Debug|Any CPU
		{93B77630-7CC7-43FD-AC69-FC31AC8287B9}.Release|Any CPU.ActiveCfg = Release|Any CPU
		{93B77630-7CC7-43FD-AC69-FC31AC8287B9}.Release|Any CPU.Build.0 = Release|Any CPU
	EndGlobalSection
	GlobalSection(SolutionProperties) = preSolution
		HideSolutionNode = FALSE
	EndGlobalSection
	GlobalSection(ExtensibilityGlobals) = postSolution
		SolutionGuid = {06EF0CB4-3354-47C1-BA0F-47B85ACAD7AD}
	EndGlobalSection
EndGlobal
